
Microsoft Visual Studio Solution File, Format Version 12.00
# Visual Studio Version 16
VisualStudioVersion = 16.0.33328.57
MinimumVisualStudioVersion = 10.0.40219.1
Project("{FAE04EC0-301F-11D3-BF4B-00C04F79EFBC}") = "API-Usuario", "API-Usuario.csproj", "{EA3C032F-6F3B-4D5D-90CA-0597F1684013}"
EndProject
Global
	GlobalSection(SolutionConfigurationPlatforms) = preSolution
		Debug|Any CPU = Debug|Any CPU
		Release|Any CPU = Release|Any CPU
	EndGlobalSection
	GlobalSection(ProjectConfigurationPlatforms) = postSolution
		{EA3C032F-6F3B-4D5D-90CA-0597F1684013}.Debug|Any CPU.ActiveCfg = Debug|Any CPU
		{EA3C032F-6F3B-4D5D-90CA-0597F1684013}.Debug|Any CPU.Build.0 = Debug|Any CPU
		{EA3C032F-6F3B-4D5D-90CA-0597F1684013}.Release|Any CPU.ActiveCfg = Release|Any CPU
		{EA3C032F-6F3B-4D5D-90CA-0597F1684013}.Release|Any CPU.Build.0 = Release|Any CPU
	EndGlobalSection
	GlobalSection(SolutionProperties) = preSolution
		HideSolutionNode = FALSE
	EndGlobalSection
	GlobalSection(ExtensibilityGlobals) = postSolution
		SolutionGuid = {500B2E36-C7CE-40DA-A598-C9E352672C3B}
	EndGlobalSection
EndGlobal
